
Microsoft Visual Studio Solution File, Format Version 12.00
# Visual Studio 15
Project("{FAE04EC0-301F-11D3-BF4B-00C04F79EFBC}") = "Assembly-CSharp", "Assembly-CSharp.csproj", "{5FA09C68-14D4-5D94-F467-50FCD9FD6400}"
EndProject
Project("{FAE04EC0-301F-11D3-BF4B-00C04F79EFBC}") = "Assembly-CSharp-Editor", "Assembly-CSharp-Editor.csproj", "{20942107-B66B-9F61-6136-5FA526D4E264}"
EndProject
Global
	GlobalSection(SolutionConfigurationPlatforms) = preSolution
		Debug|Any CPU = Debug|Any CPU
		Release|Any CPU = Release|Any CPU
	EndGlobalSection
	GlobalSection(ProjectConfigurationPlatforms) = postSolution
		{5FA09C68-14D4-5D94-F467-50FCD9FD6400}.Debug|Any CPU.ActiveCfg = Debug|Any CPU
		{5FA09C68-14D4-5D94-F467-50FCD9FD6400}.Debug|Any CPU.Build.0 = Debug|Any CPU
		{5FA09C68-14D4-5D94-F467-50FCD9FD6400}.Release|Any CPU.ActiveCfg = Release|Any CPU
		{5FA09C68-14D4-5D94-F467-50FCD9FD6400}.Release|Any CPU.Build.0 = Release|Any CPU
		{20942107-B66B-9F61-6136-5FA526D4E264}.Debug|Any CPU.ActiveCfg = Debug|Any CPU
		{20942107-B66B-9F61-6136-5FA526D4E264}.Debug|Any CPU.Build.0 = Debug|Any CPU
		{20942107-B66B-9F61-6136-5FA526D4E264}.Release|Any CPU.ActiveCfg = Release|Any CPU
		{20942107-B66B-9F61-6136-5FA526D4E264}.Release|Any CPU.Build.0 = Release|Any CPU
	EndGlobalSection
	GlobalSection(SolutionProperties) = preSolution
		HideSolutionNode = FALSE
	EndGlobalSection
EndGlobal
